// !$*UTF8*$!
{
	archiveVersion = 1;
	classes = {
	};
	objectVersion = 50;
	objects = {

/* Begin PBXBuildFile section */
		3C0433592165785500541BD3 /* TodoListViewState.swift in Sources */ = {isa = PBXBuildFile; fileRef = 3C0433582165785500541BD3 /* TodoListViewState.swift */; };
		3C0645572145517F007C8235 /* AppDelegate.swift in Sources */ = {isa = PBXBuildFile; fileRef = 3C0645562145517F007C8235 /* AppDelegate.swift */; };
		3C0645592145517F007C8235 /* ViewController.swift in Sources */ = {isa = PBXBuildFile; fileRef = 3C0645582145517F007C8235 /* ViewController.swift */; };
		3C06455C2145517F007C8235 /* Main.storyboard in Resources */ = {isa = PBXBuildFile; fileRef = 3C06455A2145517F007C8235 /* Main.storyboard */; };
		3C06455E21455180007C8235 /* Assets.xcassets in Resources */ = {isa = PBXBuildFile; fileRef = 3C06455D21455180007C8235 /* Assets.xcassets */; };
		3C06456121455180007C8235 /* LaunchScreen.storyboard in Resources */ = {isa = PBXBuildFile; fileRef = 3C06455F21455180007C8235 /* LaunchScreen.storyboard */; };
		3C06456C21455180007C8235 /* react_swift_testTests.swift in Sources */ = {isa = PBXBuildFile; fileRef = 3C06456B21455180007C8235 /* react_swift_testTests.swift */; };
		3C06457721455180007C8235 /* react_swift_testUITests.swift in Sources */ = {isa = PBXBuildFile; fileRef = 3C06457621455180007C8235 /* react_swift_testUITests.swift */; };
		3C0645C12145C761007C8235 /* MainAction.swift in Sources */ = {isa = PBXBuildFile; fileRef = 3C0645C02145C761007C8235 /* MainAction.swift */; };
		3C0645C72145CDDB007C8235 /* MainReducer.swift in Sources */ = {isa = PBXBuildFile; fileRef = 3C0645C62145CDDB007C8235 /* MainReducer.swift */; };
		3C0645CA2145CF88007C8235 /* ReAppState.swift in Sources */ = {isa = PBXBuildFile; fileRef = 3C0645C92145CF88007C8235 /* ReAppState.swift */; };
		3C1B952221691C9E001F2E6A /* AddTodoDialogViewState.swift in Sources */ = {isa = PBXBuildFile; fileRef = 3C1B952121691C9E001F2E6A /* AddTodoDialogViewState.swift */; };
		3C1B952521691CFD001F2E6A /* DialogBaseState.swift in Sources */ = {isa = PBXBuildFile; fileRef = 3C1B952421691CFD001F2E6A /* DialogBaseState.swift */; };
		3C1B952E216A20F0001F2E6A /* TodoListUsecase.swift in Sources */ = {isa = PBXBuildFile; fileRef = 3C1B952D216A20F0001F2E6A /* TodoListUsecase.swift */; };
		3C1B9535216A360F001F2E6A /* ConvertWorker.swift in Sources */ = {isa = PBXBuildFile; fileRef = 3C1B9534216A360F001F2E6A /* ConvertWorker.swift */; };
		3C1B9537216A568C001F2E6A /* TodoRepo.swift in Sources */ = {isa = PBXBuildFile; fileRef = 3C1B9536216A568C001F2E6A /* TodoRepo.swift */; };
		3C1B9539216B763A001F2E6A /* ActionCreater.swift in Sources */ = {isa = PBXBuildFile; fileRef = 3C1B9538216B763A001F2E6A /* ActionCreater.swift */; };
		3C31E756217B0E9D001A14B4 /* DetailDailogViewState.swift in Sources */ = {isa = PBXBuildFile; fileRef = 3C31E755217B0E9D001A14B4 /* DetailDailogViewState.swift */; };
		3C31E758217B0F5C001A14B4 /* DetailDialogController.swift in Sources */ = {isa = PBXBuildFile; fileRef = 3C31E757217B0F5C001A14B4 /* DetailDialogController.swift */; };
		3C4BB2F32160A96B007FBD69 /* storage.xcdatamodeld in Sources */ = {isa = PBXBuildFile; fileRef = 3C4BB2F12160A96B007FBD69 /* storage.xcdatamodeld */; };
		3C4BB3032160B9D7007FBD69 /* UserAction+CoreDataClass.swift in Sources */ = {isa = PBXBuildFile; fileRef = 3C4BB3012160B9D7007FBD69 /* UserAction+CoreDataClass.swift */; };
		3C4BB3042160B9D7007FBD69 /* UserAction+CoreDataProperties.swift in Sources */ = {isa = PBXBuildFile; fileRef = 3C4BB3022160B9D7007FBD69 /* UserAction+CoreDataProperties.swift */; };
		3C4BB3072160BFED007FBD69 /* Dialog.storyboard in Resources */ = {isa = PBXBuildFile; fileRef = 3C4BB3062160BFED007FBD69 /* Dialog.storyboard */; };
		3C4BB3092160C0BB007FBD69 /* DialogViewController.swift in Sources */ = {isa = PBXBuildFile; fileRef = 3C4BB3082160C0BB007FBD69 /* DialogViewController.swift */; };
		3C4BB3112160F812007FBD69 /* AddTodoDialogController.swift in Sources */ = {isa = PBXBuildFile; fileRef = 3C4BB3102160F812007FBD69 /* AddTodoDialogController.swift */; };
		3CAB72292152FF6D00FD9B81 /* StorageUtil.swift in Sources */ = {isa = PBXBuildFile; fileRef = 3CAB72282152FF6D00FD9B81 /* StorageUtil.swift */; };
		3CAB722E2154562600FD9B81 /* StorageManager.swift in Sources */ = {isa = PBXBuildFile; fileRef = 3CAB722D2154562600FD9B81 /* StorageManager.swift */; };
		A82135BE125616FFF46A122C /* Pods_react_swift_test.framework in Frameworks */ = {isa = PBXBuildFile; fileRef = 018E7A5F79A33B0D72E7F28F /* Pods_react_swift_test.framework */; };
/* End PBXBuildFile section */

/* Begin PBXContainerItemProxy section */
		3C06456821455180007C8235 /* PBXContainerItemProxy */ = {
			isa = PBXContainerItemProxy;
			containerPortal = 3C06454B2145517E007C8235 /* Project object */;
			proxyType = 1;
			remoteGlobalIDString = 3C0645522145517F007C8235;
			remoteInfo = "react-swift-test";
		};
		3C06457321455180007C8235 /* PBXContainerItemProxy */ = {
			isa = PBXContainerItemProxy;
			containerPortal = 3C06454B2145517E007C8235 /* Project object */;
			proxyType = 1;
			remoteGlobalIDString = 3C0645522145517F007C8235;
			remoteInfo = "react-swift-test";
		};
/* End PBXContainerItemProxy section */

/* Begin PBXFileReference section */
		018E7A5F79A33B0D72E7F28F /* Pods_react_swift_test.framework */ = {isa = PBXFileReference; explicitFileType = wrapper.framework; includeInIndex = 0; path = Pods_react_swift_test.framework; sourceTree = BUILT_PRODUCTS_DIR; };
		3C0433582165785500541BD3 /* TodoListViewState.swift */ = {isa = PBXFileReference; lastKnownFileType = sourcecode.swift; path = TodoListViewState.swift; sourceTree = "<group>"; };
		3C0645532145517F007C8235 /* react-swift-test.app */ = {isa = PBXFileReference; explicitFileType = wrapper.application; includeInIndex = 0; path = "react-swift-test.app"; sourceTree = BUILT_PRODUCTS_DIR; };
		3C0645562145517F007C8235 /* AppDelegate.swift */ = {isa = PBXFileReference; lastKnownFileType = sourcecode.swift; path = AppDelegate.swift; sourceTree = "<group>"; };
		3C0645582145517F007C8235 /* ViewController.swift */ = {isa = PBXFileReference; lastKnownFileType = sourcecode.swift; path = ViewController.swift; sourceTree = "<group>"; };
		3C06455B2145517F007C8235 /* Base */ = {isa = PBXFileReference; lastKnownFileType = file.storyboard; name = Base; path = Base.lproj/Main.storyboard; sourceTree = "<group>"; };
		3C06455D21455180007C8235 /* Assets.xcassets */ = {isa = PBXFileReference; lastKnownFileType = folder.assetcatalog; path = Assets.xcassets; sourceTree = "<group>"; };
		3C06456021455180007C8235 /* Base */ = {isa = PBXFileReference; lastKnownFileType = file.storyboard; name = Base; path = Base.lproj/LaunchScreen.storyboard; sourceTree = "<group>"; };
		3C06456221455180007C8235 /* Info.plist */ = {isa = PBXFileReference; lastKnownFileType = text.plist.xml; path = Info.plist; sourceTree = "<group>"; };
		3C06456721455180007C8235 /* react-swift-testTests.xctest */ = {isa = PBXFileReference; explicitFileType = wrapper.cfbundle; includeInIndex = 0; path = "react-swift-testTests.xctest"; sourceTree = BUILT_PRODUCTS_DIR; };
		3C06456B21455180007C8235 /* react_swift_testTests.swift */ = {isa = PBXFileReference; lastKnownFileType = sourcecode.swift; path = react_swift_testTests.swift; sourceTree = "<group>"; };
		3C06456D21455180007C8235 /* Info.plist */ = {isa = PBXFileReference; lastKnownFileType = text.plist.xml; path = Info.plist; sourceTree = "<group>"; };
		3C06457221455180007C8235 /* react-swift-testUITests.xctest */ = {isa = PBXFileReference; explicitFileType = wrapper.cfbundle; includeInIndex = 0; path = "react-swift-testUITests.xctest"; sourceTree = BUILT_PRODUCTS_DIR; };
		3C06457621455180007C8235 /* react_swift_testUITests.swift */ = {isa = PBXFileReference; lastKnownFileType = sourcecode.swift; path = react_swift_testUITests.swift; sourceTree = "<group>"; };
		3C06457821455180007C8235 /* Info.plist */ = {isa = PBXFileReference; lastKnownFileType = text.plist.xml; path = Info.plist; sourceTree = "<group>"; };
		3C0645C02145C761007C8235 /* MainAction.swift */ = {isa = PBXFileReference; lastKnownFileType = sourcecode.swift; path = MainAction.swift; sourceTree = "<group>"; };
		3C0645C62145CDDB007C8235 /* MainReducer.swift */ = {isa = PBXFileReference; lastKnownFileType = sourcecode.swift; path = MainReducer.swift; sourceTree = "<group>"; };
		3C0645C92145CF88007C8235 /* ReAppState.swift */ = {isa = PBXFileReference; lastKnownFileType = sourcecode.swift; path = ReAppState.swift; sourceTree = "<group>"; };
		3C1B952121691C9E001F2E6A /* AddTodoDialogViewState.swift */ = {isa = PBXFileReference; lastKnownFileType = sourcecode.swift; path = AddTodoDialogViewState.swift; sourceTree = "<group>"; };
		3C1B952421691CFD001F2E6A /* DialogBaseState.swift */ = {isa = PBXFileReference; lastKnownFileType = sourcecode.swift; path = DialogBaseState.swift; sourceTree = "<group>"; };
		3C1B952D216A20F0001F2E6A /* TodoListUsecase.swift */ = {isa = PBXFileReference; lastKnownFileType = sourcecode.swift; path = TodoListUsecase.swift; sourceTree = "<group>"; };
		3C1B9534216A360F001F2E6A /* ConvertWorker.swift */ = {isa = PBXFileReference; lastKnownFileType = sourcecode.swift; path = ConvertWorker.swift; sourceTree = "<group>"; };
		3C1B9536216A568C001F2E6A /* TodoRepo.swift */ = {isa = PBXFileReference; fileEncoding = 4; lastKnownFileType = sourcecode.swift; path = TodoRepo.swift; sourceTree = "<group>"; };
		3C1B9538216B763A001F2E6A /* ActionCreater.swift */ = {isa = PBXFileReference; lastKnownFileType = sourcecode.swift; path = ActionCreater.swift; sourceTree = "<group>"; };
		3C31E755217B0E9D001A14B4 /* DetailDailogViewState.swift */ = {isa = PBXFileReference; fileEncoding = 4; lastKnownFileType = sourcecode.swift; path = DetailDailogViewState.swift; sourceTree = "<group>"; };
		3C31E757217B0F5C001A14B4 /* DetailDialogController.swift */ = {isa = PBXFileReference; fileEncoding = 4; lastKnownFileType = sourcecode.swift; path = DetailDialogController.swift; sourceTree = "<group>"; };
		3C4BB2F22160A96B007FBD69 /* storage.xcdatamodel */ = {isa = PBXFileReference; lastKnownFileType = wrapper.xcdatamodel; path = storage.xcdatamodel; sourceTree = "<group>"; };
		3C4BB3012160B9D7007FBD69 /* UserAction+CoreDataClass.swift */ = {isa = PBXFileReference; lastKnownFileType = sourcecode.swift; path = "UserAction+CoreDataClass.swift"; sourceTree = "<group>"; };
		3C4BB3022160B9D7007FBD69 /* UserAction+CoreDataProperties.swift */ = {isa = PBXFileReference; lastKnownFileType = sourcecode.swift; path = "UserAction+CoreDataProperties.swift"; sourceTree = "<group>"; };
		3C4BB3062160BFED007FBD69 /* Dialog.storyboard */ = {isa = PBXFileReference; lastKnownFileType = file.storyboard; path = Dialog.storyboard; sourceTree = "<group>"; };
		3C4BB3082160C0BB007FBD69 /* DialogViewController.swift */ = {isa = PBXFileReference; lastKnownFileType = sourcecode.swift; path = DialogViewController.swift; sourceTree = "<group>"; };
		3C4BB3102160F812007FBD69 /* AddTodoDialogController.swift */ = {isa = PBXFileReference; lastKnownFileType = sourcecode.swift; path = AddTodoDialogController.swift; sourceTree = "<group>"; };
		3CAB72282152FF6D00FD9B81 /* StorageUtil.swift */ = {isa = PBXFileReference; lastKnownFileType = sourcecode.swift; path = StorageUtil.swift; sourceTree = "<group>"; };
		3CAB722D2154562600FD9B81 /* StorageManager.swift */ = {isa = PBXFileReference; lastKnownFileType = sourcecode.swift; path = StorageManager.swift; sourceTree = "<group>"; };
		5214414EC266E07DCE67584D /* Pods-react-swift-test.release.xcconfig */ = {isa = PBXFileReference; includeInIndex = 1; lastKnownFileType = text.xcconfig; name = "Pods-react-swift-test.release.xcconfig"; path = "Pods/Target Support Files/Pods-react-swift-test/Pods-react-swift-test.release.xcconfig"; sourceTree = "<group>"; };
		59D20E079BEA518A81CAE933 /* Pods_react_swift_testUITests.framework */ = {isa = PBXFileReference; explicitFileType = wrapper.framework; includeInIndex = 0; path = Pods_react_swift_testUITests.framework; sourceTree = BUILT_PRODUCTS_DIR; };
		68DE8305F8C0C331A88C332C /* Pods-react-swift-test.debug.xcconfig */ = {isa = PBXFileReference; includeInIndex = 1; lastKnownFileType = text.xcconfig; name = "Pods-react-swift-test.debug.xcconfig"; path = "Pods/Target Support Files/Pods-react-swift-test/Pods-react-swift-test.debug.xcconfig"; sourceTree = "<group>"; };
		C6F7050B6F600BC4370DC67A /* Pods_react_swift_testTests.framework */ = {isa = PBXFileReference; explicitFileType = wrapper.framework; includeInIndex = 0; path = Pods_react_swift_testTests.framework; sourceTree = BUILT_PRODUCTS_DIR; };
/* End PBXFileReference section */

/* Begin PBXFrameworksBuildPhase section */
		3C0645502145517F007C8235 /* Frameworks */ = {
			isa = PBXFrameworksBuildPhase;
			buildActionMask = 2147483647;
			files = (
				A82135BE125616FFF46A122C /* Pods_react_swift_test.framework in Frameworks */,
			);
			runOnlyForDeploymentPostprocessing = 0;
		};
		3C06456421455180007C8235 /* Frameworks */ = {
			isa = PBXFrameworksBuildPhase;
			buildActionMask = 2147483647;
			files = (
			);
			runOnlyForDeploymentPostprocessing = 0;
		};
		3C06456F21455180007C8235 /* Frameworks */ = {
			isa = PBXFrameworksBuildPhase;
			buildActionMask = 2147483647;
			files = (
			);
			runOnlyForDeploymentPostprocessing = 0;
		};
/* End PBXFrameworksBuildPhase section */

/* Begin PBXGroup section */
		3C0433572165779500541BD3 /* ViewState */ = {
			isa = PBXGroup;
			children = (
				3C31E755217B0E9D001A14B4 /* DetailDailogViewState.swift */,
				3C0433582165785500541BD3 /* TodoListViewState.swift */,
				3C1B952121691C9E001F2E6A /* AddTodoDialogViewState.swift */,
			);
			path = ViewState;
			sourceTree = "<group>";
		};
		3C06454A2145517E007C8235 = {
			isa = PBXGroup;
			children = (
				3C0645C22145CC43007C8235 /* Usecase */,
				3C52B061214DFDA900EAF6A9 /* Core */,
				3C0645552145517F007C8235 /* react-swift-test */,
				3C06456A21455180007C8235 /* react-swift-testTests */,
				3C06457521455180007C8235 /* react-swift-testUITests */,
				3C0645542145517F007C8235 /* Products */,
				C8825A9878FCA3A1735D0010 /* Pods */,
				CA958E4D817B31DBB28A6C7F /* Frameworks */,
			);
			sourceTree = "<group>";
		};
		3C0645542145517F007C8235 /* Products */ = {
			isa = PBXGroup;
			children = (
				3C0645532145517F007C8235 /* react-swift-test.app */,
				3C06456721455180007C8235 /* react-swift-testTests.xctest */,
				3C06457221455180007C8235 /* react-swift-testUITests.xctest */,
			);
			name = Products;
			sourceTree = "<group>";
		};
		3C0645552145517F007C8235 /* react-swift-test */ = {
			isa = PBXGroup;
			children = (
				3C1B952921692292001F2E6A /* Model */,
				3C0645BE2145C429007C8235 /* Reducer */,
				3C0645BF2145C437007C8235 /* Actions */,
				3C0645C82145CF6B007C8235 /* State */,
				3C0645CB21471E07007C8235 /* Screen */,
				3C0645562145517F007C8235 /* AppDelegate.swift */,
				3C06455D21455180007C8235 /* Assets.xcassets */,
				3C06455F21455180007C8235 /* LaunchScreen.storyboard */,
				3C06456221455180007C8235 /* Info.plist */,
			);
			path = "react-swift-test";
			sourceTree = "<group>";
		};
		3C06456A21455180007C8235 /* react-swift-testTests */ = {
			isa = PBXGroup;
			children = (
				3C06456B21455180007C8235 /* react_swift_testTests.swift */,
				3C06456D21455180007C8235 /* Info.plist */,
			);
			path = "react-swift-testTests";
			sourceTree = "<group>";
		};
		3C06457521455180007C8235 /* react-swift-testUITests */ = {
			isa = PBXGroup;
			children = (
				3C06457621455180007C8235 /* react_swift_testUITests.swift */,
				3C06457821455180007C8235 /* Info.plist */,
			);
			path = "react-swift-testUITests";
			sourceTree = "<group>";
		};
		3C0645BE2145C429007C8235 /* Reducer */ = {
			isa = PBXGroup;
			children = (
				3C0645C62145CDDB007C8235 /* MainReducer.swift */,
			);
			path = Reducer;
			sourceTree = "<group>";
		};
		3C0645BF2145C437007C8235 /* Actions */ = {
			isa = PBXGroup;
			children = (
				3C0645C02145C761007C8235 /* MainAction.swift */,
				3C1B9538216B763A001F2E6A /* ActionCreater.swift */,
			);
			path = Actions;
			sourceTree = "<group>";
		};
		3C0645C22145CC43007C8235 /* Usecase */ = {
			isa = PBXGroup;
			children = (
				3C1B9533216A354C001F2E6A /* Workers */,
				3C1B952D216A20F0001F2E6A /* TodoListUsecase.swift */,
			);
			path = Usecase;
			sourceTree = "<group>";
		};
		3C0645C82145CF6B007C8235 /* State */ = {
			isa = PBXGroup;
			children = (
				3C1B952321691CE5001F2E6A /* BaseState */,
				3C0433572165779500541BD3 /* ViewState */,
				3C0645C92145CF88007C8235 /* ReAppState.swift */,
			);
			path = State;
			sourceTree = "<group>";
		};
		3C0645CB21471E07007C8235 /* Screen */ = {
			isa = PBXGroup;
			children = (
				3C4BB3052160BFC6007FBD69 /* Dialog */,
				3C0645CC21471E1B007C8235 /* Main */,
			);
			path = Screen;
			sourceTree = "<group>";
		};
		3C0645CC21471E1B007C8235 /* Main */ = {
			isa = PBXGroup;
			children = (
				3C0645582145517F007C8235 /* ViewController.swift */,
				3C06455A2145517F007C8235 /* Main.storyboard */,
			);
			path = Main;
			sourceTree = "<group>";
		};
		3C1B952321691CE5001F2E6A /* BaseState */ = {
			isa = PBXGroup;
			children = (
				3C1B952421691CFD001F2E6A /* DialogBaseState.swift */,
			);
			path = BaseState;
			sourceTree = "<group>";
		};
		3C1B952921692292001F2E6A /* Model */ = {
			isa = PBXGroup;
			children = (
				3C1B9536216A568C001F2E6A /* TodoRepo.swift */,
			);
			path = Model;
			sourceTree = "<group>";
		};
		3C1B9533216A354C001F2E6A /* Workers */ = {
			isa = PBXGroup;
			children = (
				3C1B9534216A360F001F2E6A /* ConvertWorker.swift */,
			);
			path = Workers;
			sourceTree = "<group>";
		};
		3C4BB2F42160B277007FBD69 /* Entity */ = {
			isa = PBXGroup;
			children = (
				3C4BB3012160B9D7007FBD69 /* UserAction+CoreDataClass.swift */,
				3C4BB3022160B9D7007FBD69 /* UserAction+CoreDataProperties.swift */,
			);
			path = Entity;
			sourceTree = "<group>";
		};
		3C4BB3052160BFC6007FBD69 /* Dialog */ = {
			isa = PBXGroup;
			children = (
				3C4BB3062160BFED007FBD69 /* Dialog.storyboard */,
				3C4BB3082160C0BB007FBD69 /* DialogViewController.swift */,
				3C4BB3102160F812007FBD69 /* AddTodoDialogController.swift */,
				3C31E757217B0F5C001A14B4 /* DetailDialogController.swift */,
			);
			path = Dialog;
			sourceTree = "<group>";
		};
		3C52B061214DFDA900EAF6A9 /* Core */ = {
			isa = PBXGroup;
			children = (
				3C4BB2F42160B277007FBD69 /* Entity */,
				3CAB72282152FF6D00FD9B81 /* StorageUtil.swift */,
				3CAB722D2154562600FD9B81 /* StorageManager.swift */,
				3C4BB2F12160A96B007FBD69 /* storage.xcdatamodeld */,
			);
			name = Core;
			path = Storage;
			sourceTree = "<group>";
		};
		C8825A9878FCA3A1735D0010 /* Pods */ = {
			isa = PBXGroup;
			children = (
				68DE8305F8C0C331A88C332C /* Pods-react-swift-test.debug.xcconfig */,
				5214414EC266E07DCE67584D /* Pods-react-swift-test.release.xcconfig */,
			);
			name = Pods;
			sourceTree = "<group>";
		};
		CA958E4D817B31DBB28A6C7F /* Frameworks */ = {
			isa = PBXGroup;
			children = (
				018E7A5F79A33B0D72E7F28F /* Pods_react_swift_test.framework */,
				C6F7050B6F600BC4370DC67A /* Pods_react_swift_testTests.framework */,
				59D20E079BEA518A81CAE933 /* Pods_react_swift_testUITests.framework */,
			);
			name = Frameworks;
			sourceTree = "<group>";
		};
/* End PBXGroup section */

/* Begin PBXNativeTarget section */
		3C0645522145517F007C8235 /* react-swift-test */ = {
			isa = PBXNativeTarget;
			buildConfigurationList = 3C06457B21455180007C8235 /* Build configuration list for PBXNativeTarget "react-swift-test" */;
			buildPhases = (
				1D1637EDA969A6E7A7A574E6 /* [CP] Check Pods Manifest.lock */,
				3C06454F2145517F007C8235 /* Sources */,
				3C0645502145517F007C8235 /* Frameworks */,
				3C0645512145517F007C8235 /* Resources */,
				5802BF26FE0CBF613F7A859A /* [CP] Embed Pods Frameworks */,
			);
			buildRules = (
			);
			dependencies = (
			);
			name = "react-swift-test";
			productName = "react-swift-test";
			productReference = 3C0645532145517F007C8235 /* react-swift-test.app */;
			productType = "com.apple.product-type.application";
		};
		3C06456621455180007C8235 /* react-swift-testTests */ = {
			isa = PBXNativeTarget;
			buildConfigurationList = 3C06457E21455180007C8235 /* Build configuration list for PBXNativeTarget "react-swift-testTests" */;
			buildPhases = (
				3C06456321455180007C8235 /* Sources */,
				3C06456421455180007C8235 /* Frameworks */,
				3C06456521455180007C8235 /* Resources */,
			);
			buildRules = (
			);
			dependencies = (
				3C06456921455180007C8235 /* PBXTargetDependency */,
			);
			name = "react-swift-testTests";
			productName = "react-swift-testTests";
			productReference = 3C06456721455180007C8235 /* react-swift-testTests.xctest */;
			productType = "com.apple.product-type.bundle.unit-test";
		};
		3C06457121455180007C8235 /* react-swift-testUITests */ = {
			isa = PBXNativeTarget;
			buildConfigurationList = 3C06458121455180007C8235 /* Build configuration list for PBXNativeTarget "react-swift-testUITests" */;
			buildPhases = (
				3C06456E21455180007C8235 /* Sources */,
				3C06456F21455180007C8235 /* Frameworks */,
				3C06457021455180007C8235 /* Resources */,
			);
			buildRules = (
			);
			dependencies = (
				3C06457421455180007C8235 /* PBXTargetDependency */,
			);
			name = "react-swift-testUITests";
			productName = "react-swift-testUITests";
			productReference = 3C06457221455180007C8235 /* react-swift-testUITests.xctest */;
			productType = "com.apple.product-type.bundle.ui-testing";
		};
/* End PBXNativeTarget section */

/* Begin PBXProject section */
		3C06454B2145517E007C8235 /* Project object */ = {
			isa = PBXProject;
			attributes = {
				LastSwiftUpdateCheck = 0940;
				LastUpgradeCheck = 0940;
				ORGANIZATIONNAME = "Chin ShiCho";
				TargetAttributes = {
					3C0645522145517F007C8235 = {
						CreatedOnToolsVersion = 9.4.1;
					};
					3C06456621455180007C8235 = {
						CreatedOnToolsVersion = 9.4.1;
						TestTargetID = 3C0645522145517F007C8235;
					};
					3C06457121455180007C8235 = {
						CreatedOnToolsVersion = 9.4.1;
						TestTargetID = 3C0645522145517F007C8235;
					};
				};
			};
			buildConfigurationList = 3C06454E2145517F007C8235 /* Build configuration list for PBXProject "react-swift-test" */;
			compatibilityVersion = "Xcode 9.3";
			developmentRegion = en;
			hasScannedForEncodings = 0;
			knownRegions = (
				en,
				Base,
			);
			mainGroup = 3C06454A2145517E007C8235;
			productRefGroup = 3C0645542145517F007C8235 /* Products */;
			projectDirPath = "";
			projectRoot = "";
			targets = (
				3C0645522145517F007C8235 /* react-swift-test */,
				3C06456621455180007C8235 /* react-swift-testTests */,
				3C06457121455180007C8235 /* react-swift-testUITests */,
			);
		};
/* End PBXProject section */

/* Begin PBXResourcesBuildPhase section */
		3C0645512145517F007C8235 /* Resources */ = {
			isa = PBXResourcesBuildPhase;
			buildActionMask = 2147483647;
			files = (
				3C06456121455180007C8235 /* LaunchScreen.storyboard in Resources */,
				3C06455E21455180007C8235 /* Assets.xcassets in Resources */,
				3C4BB3072160BFED007FBD69 /* Dialog.storyboard in Resources */,
				3C06455C2145517F007C8235 /* Main.storyboard in Resources */,
			);
			runOnlyForDeploymentPostprocessing = 0;
		};
		3C06456521455180007C8235 /* Resources */ = {
			isa = PBXResourcesBuildPhase;
			buildActionMask = 2147483647;
			files = (
			);
			runOnlyForDeploymentPostprocessing = 0;
		};
		3C06457021455180007C8235 /* Resources */ = {
			isa = PBXResourcesBuildPhase;
			buildActionMask = 2147483647;
			files = (
			);
			runOnlyForDeploymentPostprocessing = 0;
		};
/* End PBXResourcesBuildPhase section */

/* Begin PBXShellScriptBuildPhase section */
		1D1637EDA969A6E7A7A574E6 /* [CP] Check Pods Manifest.lock */ = {
			isa = PBXShellScriptBuildPhase;
			buildActionMask = 2147483647;
			files = (
			);
			inputPaths = (
				"${PODS_PODFILE_DIR_PATH}/Podfile.lock",
				"${PODS_ROOT}/Manifest.lock",
			);
			name = "[CP] Check Pods Manifest.lock";
			outputPaths = (
				"$(DERIVED_FILE_DIR)/Pods-react-swift-test-checkManifestLockResult.txt",
			);
			runOnlyForDeploymentPostprocessing = 0;
			shellPath = /bin/sh;
			shellScript = "diff \"${PODS_PODFILE_DIR_PATH}/Podfile.lock\" \"${PODS_ROOT}/Manifest.lock\" > /dev/null\nif [ $? != 0 ] ; then\n    # print error to STDERR\n    echo \"error: The sandbox is not in sync with the Podfile.lock. Run 'pod install' or update your CocoaPods installation.\" >&2\n    exit 1\nfi\n# This output is used by Xcode 'outputs' to avoid re-running this script phase.\necho \"SUCCESS\" > \"${SCRIPT_OUTPUT_FILE_0}\"\n";
			showEnvVarsInLog = 0;
		};
		5802BF26FE0CBF613F7A859A /* [CP] Embed Pods Frameworks */ = {
			isa = PBXShellScriptBuildPhase;
			buildActionMask = 2147483647;
			files = (
			);
			inputPaths = (
				"${SRCROOT}/Pods/Target Support Files/Pods-react-swift-test/Pods-react-swift-test-frameworks.sh",
				"${BUILT_PRODUCTS_DIR}/ReSwift/ReSwift.framework",
				"${BUILT_PRODUCTS_DIR}/Realm/Realm.framework",
				"${BUILT_PRODUCTS_DIR}/RealmSwift/RealmSwift.framework",
				"${BUILT_PRODUCTS_DIR}/RxCocoa/RxCocoa.framework",
				"${BUILT_PRODUCTS_DIR}/RxSwift/RxSwift.framework",
			);
			name = "[CP] Embed Pods Frameworks";
			outputPaths = (
				"${TARGET_BUILD_DIR}/${FRAMEWORKS_FOLDER_PATH}/ReSwift.framework",
				"${TARGET_BUILD_DIR}/${FRAMEWORKS_FOLDER_PATH}/Realm.framework",
				"${TARGET_BUILD_DIR}/${FRAMEWORKS_FOLDER_PATH}/RealmSwift.framework",
				"${TARGET_BUILD_DIR}/${FRAMEWORKS_FOLDER_PATH}/RxCocoa.framework",
				"${TARGET_BUILD_DIR}/${FRAMEWORKS_FOLDER_PATH}/RxSwift.framework",
			);
			runOnlyForDeploymentPostprocessing = 0;
			shellPath = /bin/sh;
			shellScript = "\"${SRCROOT}/Pods/Target Support Files/Pods-react-swift-test/Pods-react-swift-test-frameworks.sh\"\n";
			showEnvVarsInLog = 0;
		};
/* End PBXShellScriptBuildPhase section */

/* Begin PBXSourcesBuildPhase section */
		3C06454F2145517F007C8235 /* Sources */ = {
			isa = PBXSourcesBuildPhase;
			buildActionMask = 2147483647;
			files = (
				3C0645592145517F007C8235 /* ViewController.swift in Sources */,
				3C1B952521691CFD001F2E6A /* DialogBaseState.swift in Sources */,
				3C0645C72145CDDB007C8235 /* MainReducer.swift in Sources */,
				3C0645572145517F007C8235 /* AppDelegate.swift in Sources */,
				3CAB72292152FF6D00FD9B81 /* StorageUtil.swift in Sources */,
				3C1B952221691C9E001F2E6A /* AddTodoDialogViewState.swift in Sources */,
				3C31E756217B0E9D001A14B4 /* DetailDailogViewState.swift in Sources */,
				3C0645C12145C761007C8235 /* MainAction.swift in Sources */,
				3C1B9539216B763A001F2E6A /* ActionCreater.swift in Sources */,
				3C4BB3032160B9D7007FBD69 /* UserAction+CoreDataClass.swift in Sources */,
				3C0645CA2145CF88007C8235 /* ReAppState.swift in Sources */,
				3C1B952E216A20F0001F2E6A /* TodoListUsecase.swift in Sources */,
				3C1B9537216A568C001F2E6A /* TodoRepo.swift in Sources */,
				3C1B9535216A360F001F2E6A /* ConvertWorker.swift in Sources */,
				3C31E758217B0F5C001A14B4 /* DetailDialogController.swift in Sources */,
				3C4BB3112160F812007FBD69 /* AddTodoDialogController.swift in Sources */,
				3CAB722E2154562600FD9B81 /* StorageManager.swift in Sources */,
				3C4BB3092160C0BB007FBD69 /* DialogViewController.swift in Sources */,
				3C4BB3042160B9D7007FBD69 /* UserAction+CoreDataProperties.swift in Sources */,
				3C0433592165785500541BD3 /* TodoListViewState.swift in Sources */,
				3C4BB2F32160A96B007FBD69 /* storage.xcdatamodeld in Sources */,
			);
			runOnlyForDeploymentPostprocessing = 0;
		};
		3C06456321455180007C8235 /* Sources */ = {
			isa = PBXSourcesBuildPhase;
			buildActionMask = 2147483647;
			files = (
				3C06456C21455180007C8235 /* react_swift_testTests.swift in Sources */,
			);
			runOnlyForDeploymentPostprocessing = 0;
		};
		3C06456E21455180007C8235 /* Sources */ = {
			isa = PBXSourcesBuildPhase;
			buildActionMask = 2147483647;
			files = (
				3C06457721455180007C8235 /* react_swift_testUITests.swift in Sources */,
			);
			runOnlyForDeploymentPostprocessing = 0;
		};
/* End PBXSourcesBuildPhase section */

/* Begin PBXTargetDependency section */
		3C06456921455180007C8235 /* PBXTargetDependency */ = {
			isa = PBXTargetDependency;
			target = 3C0645522145517F007C8235 /* react-swift-test */;
			targetProxy = 3C06456821455180007C8235 /* PBXContainerItemProxy */;
		};
		3C06457421455180007C8235 /* PBXTargetDependency */ = {
			isa = PBXTargetDependency;
			target = 3C0645522145517F007C8235 /* react-swift-test */;
			targetProxy = 3C06457321455180007C8235 /* PBXContainerItemProxy */;
		};
/* End PBXTargetDependency section */

/* Begin PBXVariantGroup section */
		3C06455A2145517F007C8235 /* Main.storyboard */ = {
			isa = PBXVariantGroup;
			children = (
				3C06455B2145517F007C8235 /* Base */,
			);
			name = Main.storyboard;
			sourceTree = "<group>";
		};
		3C06455F21455180007C8235 /* LaunchScreen.storyboard */ = {
			isa = PBXVariantGroup;
			children = (
				3C06456021455180007C8235 /* Base */,
			);
			name = LaunchScreen.storyboard;
			sourceTree = "<group>";
		};
/* End PBXVariantGroup section */

/* Begin XCBuildConfiguration section */
		3C06457921455180007C8235 /* Debug */ = {
			isa = XCBuildConfiguration;
			buildSettings = {
				ALWAYS_SEARCH_USER_PATHS = NO;
				CLANG_ANALYZER_NONNULL = YES;
				CLANG_ANALYZER_NUMBER_OBJECT_CONVERSION = YES_AGGRESSIVE;
				CLANG_CXX_LANGUAGE_STANDARD = "gnu++14";
				CLANG_CXX_LIBRARY = "libc++";
				CLANG_ENABLE_MODULES = YES;
				CLANG_ENABLE_OBJC_ARC = YES;
				CLANG_ENABLE_OBJC_WEAK = YES;
				CLANG_WARN_BLOCK_CAPTURE_AUTORELEASING = YES;
				CLANG_WARN_BOOL_CONVERSION = YES;
				CLANG_WARN_COMMA = YES;
				CLANG_WARN_CONSTANT_CONVERSION = YES;
				CLANG_WARN_DEPRECATED_OBJC_IMPLEMENTATIONS = YES;
				CLANG_WARN_DIRECT_OBJC_ISA_USAGE = YES_ERROR;
				CLANG_WARN_DOCUMENTATION_COMMENTS = YES;
				CLANG_WARN_EMPTY_BODY = YES;
				CLANG_WARN_ENUM_CONVERSION = YES;
				CLANG_WARN_INFINITE_RECURSION = YES;
				CLANG_WARN_INT_CONVERSION = YES;
				CLANG_WARN_NON_LITERAL_NULL_CONVERSION = YES;
				CLANG_WARN_OBJC_IMPLICIT_RETAIN_SELF = YES;
				CLANG_WARN_OBJC_LITERAL_CONVERSION = YES;
				CLANG_WARN_OBJC_ROOT_CLASS = YES_ERROR;
				CLANG_WARN_RANGE_LOOP_ANALYSIS = YES;
				CLANG_WARN_STRICT_PROTOTYPES = YES;
				CLANG_WARN_SUSPICIOUS_MOVE = YES;
				CLANG_WARN_UNGUARDED_AVAILABILITY = YES_AGGRESSIVE;
				CLANG_WARN_UNREACHABLE_CODE = YES;
				CLANG_WARN__DUPLICATE_METHOD_MATCH = YES;
				CODE_SIGN_IDENTITY = "iPhone Developer";
				COPY_PHASE_STRIP = NO;
				DEBUG_INFORMATION_FORMAT = dwarf;
				ENABLE_STRICT_OBJC_MSGSEND = YES;
				ENABLE_TESTABILITY = YES;
				GCC_C_LANGUAGE_STANDARD = gnu11;
				GCC_DYNAMIC_NO_PIC = NO;
				GCC_NO_COMMON_BLOCKS = YES;
				GCC_OPTIMIZATION_LEVEL = 0;
				GCC_PREPROCESSOR_DEFINITIONS = (
					"DEBUG=1",
					"$(inherited)",
				);
				GCC_WARN_64_TO_32_BIT_CONVERSION = YES;
				GCC_WARN_ABOUT_RETURN_TYPE = YES_ERROR;
				GCC_WARN_UNDECLARED_SELECTOR = YES;
				GCC_WARN_UNINITIALIZED_AUTOS = YES_AGGRESSIVE;
				GCC_WARN_UNUSED_FUNCTION = YES;
				GCC_WARN_UNUSED_VARIABLE = YES;
				IPHONEOS_DEPLOYMENT_TARGET = 11.4;
				MTL_ENABLE_DEBUG_INFO = YES;
				ONLY_ACTIVE_ARCH = YES;
				SDKROOT = iphoneos;
				SWIFT_ACTIVE_COMPILATION_CONDITIONS = DEBUG;
				SWIFT_OPTIMIZATION_LEVEL = "-Onone";
			};
			name = Debug;
		};
		3C06457A21455180007C8235 /* Release */ = {
			isa = XCBuildConfiguration;
			buildSettings = {
				ALWAYS_SEARCH_USER_PATHS = NO;
				CLANG_ANALYZER_NONNULL = YES;
				CLANG_ANALYZER_NUMBER_OBJECT_CONVERSION = YES_AGGRESSIVE;
				CLANG_CXX_LANGUAGE_STANDARD = "gnu++14";
				CLANG_CXX_LIBRARY = "libc++";
				CLANG_ENABLE_MODULES = YES;
				CLANG_ENABLE_OBJC_ARC = YES;
				CLANG_ENABLE_OBJC_WEAK = YES;
				CLANG_WARN_BLOCK_CAPTURE_AUTORELEASING = YES;
				CLANG_WARN_BOOL_CONVERSION = YES;
				CLANG_WARN_COMMA = YES;
				CLANG_WARN_CONSTANT_CONVERSION = YES;
				CLANG_WARN_DEPRECATED_OBJC_IMPLEMENTATIONS = YES;
				CLANG_WARN_DIRECT_OBJC_ISA_USAGE = YES_ERROR;
				CLANG_WARN_DOCUMENTATION_COMMENTS = YES;
				CLANG_WARN_EMPTY_BODY = YES;
				CLANG_WARN_ENUM_CONVERSION = YES;
				CLANG_WARN_INFINITE_RECURSION = YES;
				CLANG_WARN_INT_CONVERSION = YES;
				CLANG_WARN_NON_LITERAL_NULL_CONVERSION = YES;
				CLANG_WARN_OBJC_IMPLICIT_RETAIN_SELF = YES;
				CLANG_WARN_OBJC_LITERAL_CONVERSION = YES;
				CLANG_WARN_OBJC_ROOT_CLASS = YES_ERROR;
				CLANG_WARN_RANGE_LOOP_ANALYSIS = YES;
				CLANG_WARN_STRICT_PROTOTYPES = YES;
				CLANG_WARN_SUSPICIOUS_MOVE = YES;
				CLANG_WARN_UNGUARDED_AVAILABILITY = YES_AGGRESSIVE;
				CLANG_WARN_UNREACHABLE_CODE = YES;
				CLANG_WARN__DUPLICATE_METHOD_MATCH = YES;
				CODE_SIGN_IDENTITY = "iPhone Developer";
				COPY_PHASE_STRIP = NO;
				DEBUG_INFORMATION_FORMAT = "dwarf-with-dsym";
				ENABLE_NS_ASSERTIONS = NO;
				ENABLE_STRICT_OBJC_MSGSEND = YES;
				GCC_C_LANGUAGE_STANDARD = gnu11;
				GCC_NO_COMMON_BLOCKS = YES;
				GCC_WARN_64_TO_32_BIT_CONVERSION = YES;
				GCC_WARN_ABOUT_RETURN_TYPE = YES_ERROR;
				GCC_WARN_UNDECLARED_SELECTOR = YES;
				GCC_WARN_UNINITIALIZED_AUTOS = YES_AGGRESSIVE;
				GCC_WARN_UNUSED_FUNCTION = YES;
				GCC_WARN_UNUSED_VARIABLE = YES;
				IPHONEOS_DEPLOYMENT_TARGET = 11.4;
				MTL_ENABLE_DEBUG_INFO = NO;
				SDKROOT = iphoneos;
				SWIFT_COMPILATION_MODE = wholemodule;
				SWIFT_OPTIMIZATION_LEVEL = "-O";
				VALIDATE_PRODUCT = YES;
			};
			name = Release;
		};
		3C06457C21455180007C8235 /* Debug */ = {
			isa = XCBuildConfiguration;
			baseConfigurationReference = 68DE8305F8C0C331A88C332C /* Pods-react-swift-test.debug.xcconfig */;
			buildSettings = {
				ASSETCATALOG_COMPILER_APPICON_NAME = AppIcon;
				CODE_SIGN_STYLE = Automatic;
				INFOPLIST_FILE = "react-swift-test/Info.plist";
				IPHONEOS_DEPLOYMENT_TARGET = 12.0;
				LD_RUNPATH_SEARCH_PATHS = (
					"$(inherited)",
					"@executable_path/Frameworks",
				);
				PRODUCT_BUNDLE_IDENTIFIER = "com.gentleohige.react-swift-test";
				PRODUCT_NAME = "$(TARGET_NAME)";
				SWIFT_VERSION = 4.0;
				TARGETED_DEVICE_FAMILY = 1;
			};
			name = Debug;
		};
		3C06457D21455180007C8235 /* Release */ = {
			isa = XCBuildConfiguration;
			baseConfigurationReference = 5214414EC266E07DCE67584D /* Pods-react-swift-test.release.xcconfig */;
			buildSettings = {
				ASSETCATALOG_COMPILER_APPICON_NAME = AppIcon;
				CODE_SIGN_STYLE = Automatic;
				INFOPLIST_FILE = "react-swift-test/Info.plist";
				IPHONEOS_DEPLOYMENT_TARGET = 12.0;
				LD_RUNPATH_SEARCH_PATHS = (
					"$(inherited)",
					"@executable_path/Frameworks",
				);
				PRODUCT_BUNDLE_IDENTIFIER = "com.gentleohige.react-swift-test";
				PRODUCT_NAME = "$(TARGET_NAME)";
				SWIFT_VERSION = 4.0;
				TARGETED_DEVICE_FAMILY = 1;
			};
			name = Release;
		};
		3C06457F21455180007C8235 /* Debug */ = {
			isa = XCBuildConfiguration;
			buildSettings = {
				ALWAYS_EMBED_SWIFT_STANDARD_LIBRARIES = YES;
				BUNDLE_LOADER = "$(TEST_HOST)";
				CODE_SIGN_STYLE = Automatic;
				INFOPLIST_FILE = "react-swift-testTests/Info.plist";
				LD_RUNPATH_SEARCH_PATHS = (
					"$(inherited)",
					"@executable_path/Frameworks",
					"@loader_path/Frameworks",
				);
				PRODUCT_BUNDLE_IDENTIFIER = "com.gentleohige.react-swift-testTests";
				PRODUCT_NAME = "$(TARGET_NAME)";
				SWIFT_VERSION = 4.0;
				TARGETED_DEVICE_FAMILY = "1,2";
				TEST_HOST = "$(BUILT_PRODUCTS_DIR)/react-swift-test.app/react-swift-test";
			};
			name = Debug;
		};
		3C06458021455180007C8235 /* Release */ = {
			isa = XCBuildConfiguration;
			buildSettings = {
				ALWAYS_EMBED_SWIFT_STANDARD_LIBRARIES = YES;
				BUNDLE_LOADER = "$(TEST_HOST)";
				CODE_SIGN_STYLE = Automatic;
				INFOPLIST_FILE = "react-swift-testTests/Info.plist";
				LD_RUNPATH_SEARCH_PATHS = (
					"$(inherited)",
					"@executable_path/Frameworks",
					"@loader_path/Frameworks",
				);
				PRODUCT_BUNDLE_IDENTIFIER = "com.gentleohige.react-swift-testTests";
				PRODUCT_NAME = "$(TARGET_NAME)";
				SWIFT_VERSION = 4.0;
				TARGETED_DEVICE_FAMILY = "1,2";
				TEST_HOST = "$(BUILT_PRODUCTS_DIR)/react-swift-test.app/react-swift-test";
			};
			name = Release;
		};
		3C06458221455180007C8235 /* Debug */ = {
			isa = XCBuildConfiguration;
			buildSettings = {
				ALWAYS_EMBED_SWIFT_STANDARD_LIBRARIES = YES;
				CODE_SIGN_STYLE = Automatic;
				INFOPLIST_FILE = "react-swift-testUITests/Info.plist";
				LD_RUNPATH_SEARCH_PATHS = (
					"$(inherited)",
					"@executable_path/Frameworks",
					"@loader_path/Frameworks",
				);
				PRODUCT_BUNDLE_IDENTIFIER = "com.gentleohige.react-swift-testUITests";
				PRODUCT_NAME = "$(TARGET_NAME)";
				SWIFT_VERSION = 4.0;
				TARGETED_DEVICE_FAMILY = "1,2";
				TEST_TARGET_NAME = "react-swift-test";
			};
			name = Debug;
		};
		3C06458321455180007C8235 /* Release */ = {
			isa = XCBuildConfiguration;
			buildSettings = {
				ALWAYS_EMBED_SWIFT_STANDARD_LIBRARIES = YES;
				CODE_SIGN_STYLE = Automatic;
				INFOPLIST_FILE = "react-swift-testUITests/Info.plist";
				LD_RUNPATH_SEARCH_PATHS = (
					"$(inherited)",
					"@executable_path/Frameworks",
					"@loader_path/Frameworks",
				);
				PRODUCT_BUNDLE_IDENTIFIER = "com.gentleohige.react-swift-testUITests";
				PRODUCT_NAME = "$(TARGET_NAME)";
				SWIFT_VERSION = 4.0;
				TARGETED_DEVICE_FAMILY = "1,2";
				TEST_TARGET_NAME = "react-swift-test";
			};
			name = Release;
		};
/* End XCBuildConfiguration section */

/* Begin XCConfigurationList section */
		3C06454E2145517F007C8235 /* Build configuration list for PBXProject "react-swift-test" */ = {
			isa = XCConfigurationList;
			buildConfigurations = (
				3C06457921455180007C8235 /* Debug */,
				3C06457A21455180007C8235 /* Release */,
			);
			defaultConfigurationIsVisible = 0;
			defaultConfigurationName = Release;
		};
		3C06457B21455180007C8235 /* Build configuration list for PBXNativeTarget "react-swift-test" */ = {
			isa = XCConfigurationList;
			buildConfigurations = (
				3C06457C21455180007C8235 /* Debug */,
				3C06457D21455180007C8235 /* Release */,
			);
			defaultConfigurationIsVisible = 0;
			defaultConfigurationName = Release;
		};
		3C06457E21455180007C8235 /* Build configuration list for PBXNativeTarget "react-swift-testTests" */ = {
			isa = XCConfigurationList;
			buildConfigurations = (
				3C06457F21455180007C8235 /* Debug */,
				3C06458021455180007C8235 /* Release */,
			);
			defaultConfigurationIsVisible = 0;
			defaultConfigurationName = Release;
		};
		3C06458121455180007C8235 /* Build configuration list for PBXNativeTarget "react-swift-testUITests" */ = {
			isa = XCConfigurationList;
			buildConfigurations = (
				3C06458221455180007C8235 /* Debug */,
				3C06458321455180007C8235 /* Release */,
			);
			defaultConfigurationIsVisible = 0;
			defaultConfigurationName = Release;
		};
/* End XCConfigurationList section */

/* Begin XCVersionGroup section */
		3C4BB2F12160A96B007FBD69 /* storage.xcdatamodeld */ = {
			isa = XCVersionGroup;
			children = (
				3C4BB2F22160A96B007FBD69 /* storage.xcdatamodel */,
			);
			currentVersion = 3C4BB2F22160A96B007FBD69 /* storage.xcdatamodel */;
			path = storage.xcdatamodeld;
			sourceTree = "<group>";
			versionGroupType = wrapper.xcdatamodel;
		};
/* End XCVersionGroup section */
	};
	rootObject = 3C06454B2145517E007C8235 /* Project object */;
}
